
Microsoft Visual Studio Solution File, Format Version 12.00
# Visual Studio Version 16
VisualStudioVersion = 16.0.30804.86
MinimumVisualStudioVersion = 10.0.40219.1
Project("{9A19103F-16F7-4668-BE54-9A1E7A4F7556}") = "PlayGround", "Apps\PlayGround\PlayGround.csproj", "{54F34738-BE92-4108-A5B1-600BF946001B}"
EndProject
Project("{FAE04EC0-301F-11D3-BF4B-00C04F79EFBC}") = "PlayGround.Android", "Apps\PlayGround.Android\PlayGround.Android.csproj", "{09ACB57D-BF38-45A5-8EE2-C700A1B2F1E5}"
EndProject
Project("{FAE04EC0-301F-11D3-BF4B-00C04F79EFBC}") = "PlayGround.UWP", "Apps\PlayGround.UWP\PlayGround.UWP.csproj", "{9C20F728-AB35-4050-B50A-E74ED9D77CE2}"
EndProject
Global
	GlobalSection(SolutionConfigurationPlatforms) = preSolution
		Debug|Any CPU = Debug|Any CPU
		Debug|ARM = Debug|ARM
		Debug|ARM64 = Debug|ARM64
		Debug|x64 = Debug|x64
		Debug|x86 = Debug|x86
		Release|Any CPU = Release|Any CPU
		Release|ARM = Release|ARM
		Release|ARM64 = Release|ARM64
		Release|x64 = Release|x64
		Release|x86 = Release|x86
	EndGlobalSection
	GlobalSection(ProjectConfigurationPlatforms) = postSolution
		{54F34738-BE92-4108-A5B1-600BF946001B}.Debug|Any CPU.ActiveCfg = Debug|Any CPU
		{54F34738-BE92-4108-A5B1-600BF946001B}.Debug|Any CPU.Build.0 = Debug|Any CPU
		{54F34738-BE92-4108-A5B1-600BF946001B}.Debug|ARM.ActiveCfg = Debug|Any CPU
		{54F34738-BE92-4108-A5B1-600BF946001B}.Debug|ARM.Build.0 = Debug|Any CPU
		{54F34738-BE92-4108-A5B1-600BF946001B}.Debug|ARM64.ActiveCfg = Debug|Any CPU
		{54F34738-BE92-4108-A5B1-600BF946001B}.Debug|ARM64.Build.0 = Debug|Any CPU
		{54F34738-BE92-4108-A5B1-600BF946001B}.Debug|x64.ActiveCfg = Debug|Any CPU
		{54F34738-BE92-4108-A5B1-600BF946001B}.Debug|x64.Build.0 = Debug|Any CPU
		{54F34738-BE92-4108-A5B1-600BF946001B}.Debug|x86.ActiveCfg = Debug|Any CPU
		{54F34738-BE92-4108-A5B1-600BF946001B}.Debug|x86.Build.0 = Debug|Any CPU
		{54F34738-BE92-4108-A5B1-600BF946001B}.Release|Any CPU.ActiveCfg = Release|Any CPU
		{54F34738-BE92-4108-A5B1-600BF946001B}.Release|Any CPU.Build.0 = Release|Any CPU
		{54F34738-BE92-4108-A5B1-600BF946001B}.Release|ARM.ActiveCfg = Release|Any CPU
		{54F34738-BE92-4108-A5B1-600BF946001B}.Release|ARM.Build.0 = Release|Any CPU
		{54F34738-BE92-4108-A5B1-600BF946001B}.Release|ARM64.ActiveCfg = Release|Any CPU
		{54F34738-BE92-4108-A5B1-600BF946001B}.Release|ARM64.Build.0 = Release|Any CPU
		{54F34738-BE92-4108-A5B1-600BF946001B}.Release|x64.ActiveCfg = Release|Any CPU
		{54F34738-BE92-4108-A5B1-600BF946001B}.Release|x64.Build.0 = Release|Any CPU
		{54F34738-BE92-4108-A5B1-600BF946001B}.Release|x86.ActiveCfg = Release|Any CPU
		{54F34738-BE92-4108-A5B1-600BF946001B}.Release|x86.Build.0 = Release|Any CPU
		{09ACB57D-BF38-45A5-8EE2-C700A1B2F1E5}.Debug|Any CPU.ActiveCfg = Debug|Any CPU
		{09ACB57D-BF38-45A5-8EE2-C700A1B2F1E5}.Debug|Any CPU.Build.0 = Debug|Any CPU
		{09ACB57D-BF38-45A5-8EE2-C700A1B2F1E5}.Debug|Any CPU.Deploy.0 = Debug|Any CPU
		{09ACB57D-BF38-45A5-8EE2-C700A1B2F1E5}.Debug|ARM.ActiveCfg = Debug|Any CPU
		{09ACB57D-BF38-45A5-8EE2-C700A1B2F1E5}.Debug|ARM.Build.0 = Debug|Any CPU
		{09ACB57D-BF38-45A5-8EE2-C700A1B2F1E5}.Debug|ARM.Deploy.0 = Debug|Any CPU
		{09ACB57D-BF38-45A5-8EE2-C700A1B2F1E5}.Debug|ARM64.ActiveCfg = Debug|Any CPU
		{09ACB57D-BF38-45A5-8EE2-C700A1B2F1E5}.Debug|ARM64.Build.0 = Debug|Any CPU
		{09ACB57D-BF38-45A5-8EE2-C700A1B2F1E5}.Debug|ARM64.Deploy.0 = Debug|Any CPU
		{09ACB57D-BF38-45A5-8EE2-C700A1B2F1E5}.Debug|x64.ActiveCfg = Debug|Any CPU
		{09ACB57D-BF38-45A5-8EE2-C700A1B2F1E5}.Debug|x64.Build.0 = Debug|Any CPU
		{09ACB57D-BF38-45A5-8EE2-C700A1B2F1E5}.Debug|x64.Deploy.0 = Debug|Any CPU
		{09ACB57D-BF38-45A5-8EE2-C700A1B2F1E5}.Debug|x86.ActiveCfg = Debug|Any CPU
		{09ACB57D-BF38-45A5-8EE2-C700A1B2F1E5}.Debug|x86.Build.0 = Debug|Any CPU
		{09ACB57D-BF38-45A5-8EE2-C700A1B2F1E5}.Debug|x86.Deploy.0 = Debug|Any CPU
		{09ACB57D-BF38-45A5-8EE2-C700A1B2F1E5}.Release|Any CPU.ActiveCfg = Release|Any CPU
		{09ACB57D-BF38-45A5-8EE2-C700A1B2F1E5}.Release|Any CPU.Build.0 = Release|Any CPU
		{09ACB57D-BF38-45A5-8EE2-C700A1B2F1E5}.Release|ARM.ActiveCfg = Release|Any CPU
		{09ACB57D-BF38-45A5-8EE2-C700A1B2F1E5}.Release|ARM.Build.0 = Release|Any CPU
		{09ACB57D-BF38-45A5-8EE2-C700A1B2F1E5}.Release|ARM.Deploy.0 = Release|Any CPU
		{09ACB57D-BF38-45A5-8EE2-C700A1B2F1E5}.Release|ARM64.ActiveCfg = Release|Any CPU
		{09ACB57D-BF38-45A5-8EE2-C700A1B2F1E5}.Release|ARM64.Build.0 = Release|Any CPU
		{09ACB57D-BF38-45A5-8EE2-C700A1B2F1E5}.Release|ARM64.Deploy.0 = Release|Any CPU
		{09ACB57D-BF38-45A5-8EE2-C700A1B2F1E5}.Release|x64.ActiveCfg = Release|Any CPU
		{09ACB57D-BF38-45A5-8EE2-C700A1B2F1E5}.Release|x64.Build.0 = Release|Any CPU
		{09ACB57D-BF38-45A5-8EE2-C700A1B2F1E5}.Release|x64.Deploy.0 = Release|Any CPU
		{09ACB57D-BF38-45A5-8EE2-C700A1B2F1E5}.Release|x86.ActiveCfg = Release|Any CPU
		{09ACB57D-BF38-45A5-8EE2-C700A1B2F1E5}.Release|x86.Build.0 = Release|Any CPU
		{09ACB57D-BF38-45A5-8EE2-C700A1B2F1E5}.Release|x86.Deploy.0 = Release|Any CPU
		{9C20F728-AB35-4050-B50A-E74ED9D77CE2}.Debug|Any CPU.ActiveCfg = Debug|x86
		{9C20F728-AB35-4050-B50A-E74ED9D77CE2}.Debug|Any CPU.Build.0 = Debug|x86
		{9C20F728-AB35-4050-B50A-E74ED9D77CE2}.Debug|Any CPU.Deploy.0 = Debug|x86
		{9C20F728-AB35-4050-B50A-E74ED9D77CE2}.Debug|ARM.ActiveCfg = Debug|ARM
		{9C20F728-AB35-4050-B50A-E74ED9D77CE2}.Debug|ARM.Build.0 = Debug|ARM
		{9C20F728-AB35-4050-B50A-E74ED9D77CE2}.Debug|ARM.Deploy.0 = Debug|ARM
		{9C20F728-AB35-4050-B50A-E74ED9D77CE2}.Debug|ARM64.ActiveCfg = Debug|ARM64
		{9C20F728-AB35-4050-B50A-E74ED9D77CE2}.Debug|ARM64.Build.0 = Debug|ARM64
		{9C20F728-AB35-4050-B50A-E74ED9D77CE2}.Debug|ARM64.Deploy.0 = Debug|ARM64
		{9C20F728-AB35-4050-B50A-E74ED9D77CE2}.Debug|x64.ActiveCfg = Debug|x64
		{9C20F728-AB35-4050-B50A-E74ED9D77CE2}.Debug|x64.Build.0 = Debug|x64
		{9C20F728-AB35-4050-B50A-E74ED9D77CE2}.Debug|x64.Deploy.0 = Debug|x64
		{9C20F728-AB35-4050-B50A-E74ED9D77CE2}.Debug|x86.ActiveCfg = Debug|x86
		{9C20F728-AB35-4050-B50A-E74ED9D77CE2}.Debug|x86.Build.0 = Debug|x86
		{9C20F728-AB35-4050-B50A-E74ED9D77CE2}.Debug|x86.Deploy.0 = Debug|x86
		{9C20F728-AB35-4050-B50A-E74ED9D77CE2}.Release|Any CPU.ActiveCfg = Release|x86
		{9C20F728-AB35-4050-B50A-E74ED9D77CE2}.Release|ARM.ActiveCfg = Release|ARM
		{9C20F728-AB35-4050-B50A-E74ED9D77CE2}.Release|ARM.Build.0 = Release|ARM
		{9C20F728-AB35-4050-B50A-E74ED9D77CE2}.Release|ARM.Deploy.0 = Release|ARM
		{9C20F728-AB35-4050-B50A-E74ED9D77CE2}.Release|ARM64.ActiveCfg = Release|ARM64
		{9C20F728-AB35-4050-B50A-E74ED9D77CE2}.Release|ARM64.Build.0 = Release|ARM64
		{9C20F728-AB35-4050-B50A-E74ED9D77CE2}.Release|ARM64.Deploy.0 = Release|ARM64
		{9C20F728-AB35-4050-B50A-E74ED9D77CE2}.Release|x64.ActiveCfg = Release|x64
		{9C20F728-AB35-4050-B50A-E74ED9D77CE2}.Release|x64.Build.0 = Release|x64
		{9C20F728-AB35-4050-B50A-E74ED9D77CE2}.Release|x64.Deploy.0 = Release|x64
		{9C20F728-AB35-4050-B50A-E74ED9D77CE2}.Release|x86.ActiveCfg = Release|x86
		{9C20F728-AB35-4050-B50A-E74ED9D77CE2}.Release|x86.Build.0 = Release|x86
		{9C20F728-AB35-4050-B50A-E74ED9D77CE2}.Release|x86.Deploy.0 = Release|x86
	EndGlobalSection
	GlobalSection(SolutionProperties) = preSolution
		HideSolutionNode = FALSE
	EndGlobalSection
	GlobalSection(NestedProjects) = preSolution
	EndGlobalSection
	GlobalSection(ExtensibilityGlobals) = postSolution
		SolutionGuid = {B9DB2111-76DA-43C8-8D4B-E59CE4DF6301}
	EndGlobalSection
EndGlobal
